Microsoft Visual Studio Solution File, Format Version 12.00
# Visual Studio Version 17
VisualStudioVersion = 17.5.2.0
MinimumVisualStudioVersion = 10.0.40219.1
Project("{2150E333-8FDC-42A3-9474-1A3956D46DE8}") = "server", "server", "{DAD03CFC-D5FA-AC94-41C7-9ABAB326F09E}"
EndProject
Project("{2150E333-8FDC-42A3-9474-1A3956D46DE8}") = "PL", "PL", "{632EF3FE-D393-9C0D-903D-3A9D1E2456BD}"
EndProject
Project("{FAE04EC0-301F-11D3-BF4B-00C04F79EFBC}") = "clothingStoreWebAPI", "server\PL\clothingStoreWebAPI\clothingStoreWebAPI.csproj", "{8CEC68F2-1374-5112-91EB-F9C936D938AB}"
EndProject
Global
	GlobalSection(SolutionConfigurationPlatforms) = preSolution
		Debug|Any CPU = Debug|Any CPU
		Release|Any CPU = Release|Any CPU
	EndGlobalSection
	GlobalSection(ProjectConfigurationPlatforms) = postSolution
		{8CEC68F2-1374-5112-91EB-F9C936D938AB}.Debug|Any CPU.ActiveCfg = Debug|Any CPU
		{8CEC68F2-1374-5112-91EB-F9C936D938AB}.Debug|Any CPU.Build.0 = Debug|Any CPU
		{8CEC68F2-1374-5112-91EB-F9C936D938AB}.Release|Any CPU.ActiveCfg = Release|Any CPU
		{8CEC68F2-1374-5112-91EB-F9C936D938AB}.Release|Any CPU.Build.0 = Release|Any CPU
	EndGlobalSection
	GlobalSection(SolutionProperties) = preSolution
		HideSolutionNode = FALSE
	EndGlobalSection
	GlobalSection(NestedProjects) = preSolution
		{632EF3FE-D393-9C0D-903D-3A9D1E2456BD} = {DAD03CFC-D5FA-AC94-41C7-9ABAB326F09E}
		{8CEC68F2-1374-5112-91EB-F9C936D938AB} = {632EF3FE-D393-9C0D-903D-3A9D1E2456BD}
	EndGlobalSection
	GlobalSection(ExtensibilityGlobals) = postSolution
		SolutionGuid = {05AB81C9-145F-4B41-BDEF-CF46817F2823}
	EndGlobalSection
EndGlobal
