
Microsoft Visual Studio Solution File, Format Version 12.00
# Visual Studio Version 17
VisualStudioVersion = 17.5.2.0
MinimumVisualStudioVersion = 10.0.40219.1
Project("{2150E333-8FDC-42A3-9474-1A3956D46DE8}") = "server", "server", "{DAD03CFC-D5FA-AC94-41C7-9ABAB326F09E}"
EndProject
Project("{2150E333-8FDC-42A3-9474-1A3956D46DE8}") = "PL", "PL", "{632EF3FE-D393-9C0D-903D-3A9D1E2456BD}"
EndProject
Project("{FAE04EC0-301F-11D3-BF4B-00C04F79EFBC}") = "clothingStoreWebAPI", "server\PL\clothingStoreWebAPI\clothingStoreWebAPI.csproj", "{8CEC68F2-1374-5112-91EB-F9C936D938AB}"
EndProject
Project("{2150E333-8FDC-42A3-9474-1A3956D46DE8}") = "Core", "Core", "{CC410BA8-8678-4E29-946B-31D5DF7C9538}"
EndProject
Project("{FAE04EC0-301F-11D3-BF4B-00C04F79EFBC}") = "ClothDomain", "server\Core\ClothDomain\ClothDomain.csproj", "{CEACE47D-E641-4C5E-8139-2D3475CF617C}"
EndProject
Project("{2150E333-8FDC-42A3-9474-1A3956D46DE8}") = "DAL", "DAL", "{E78958A0-34B9-4967-A24A-35265D104A5F}"
EndProject
Project("{FAE04EC0-301F-11D3-BF4B-00C04F79EFBC}") = "ClothingStorePersistence", "server\DAL\ClothingStorePersistence\ClothingStorePersistence.csproj", "{99D41755-EE7B-4ECC-96C9-CA972A9853A8}"
EndProject
Project("{FAE04EC0-301F-11D3-BF4B-00C04F79EFBC}") = "ClothesInterfacesDAL", "server\DAL\ClothesInterfacesDAL\ClothesInterfacesDAL.csproj", "{6F269BD3-DCA5-44F4-9370-032FF120FBDF}"
EndProject
Project("{2150E333-8FDC-42A3-9474-1A3956D46DE8}") = "BLL", "BLL", "{F1BCDD1C-1081-4D43-AFE6-91BB2A355A80}"
EndProject
Project("{FAE04EC0-301F-11D3-BF4B-00C04F79EFBC}") = "ClothingStoreApplication", "server\BLL\ClothingStoreApplication\ClothingStoreApplication.csproj", "{02DFE355-921B-4E41-85D1-34FD0F64BA61}"
EndProject
Project("{FAE04EC0-301F-11D3-BF4B-00C04F79EFBC}") = "ClothesInterfacesBLL", "server\BLL\ClothesInterfacesBLL\ClothesInterfacesBLL.csproj", "{D028AA91-C249-4398-9D4A-296BEDB8EA90}"
EndProject
Project("{FAE04EC0-301F-11D3-BF4B-00C04F79EFBC}") = "ClothDTOs", "server\BLL\ClothDTOs\ClothDTOs.csproj", "{EF78C678-62A4-499E-AB91-A09B9E27CF6B}"
EndProject
Global
	GlobalSection(SolutionConfigurationPlatforms) = preSolution
		Debug|Any CPU = Debug|Any CPU
		Release|Any CPU = Release|Any CPU
	EndGlobalSection
	GlobalSection(ProjectConfigurationPlatforms) = postSolution
		{8CEC68F2-1374-5112-91EB-F9C936D938AB}.Debug|Any CPU.ActiveCfg = Debug|Any CPU
		{8CEC68F2-1374-5112-91EB-F9C936D938AB}.Debug|Any CPU.Build.0 = Debug|Any CPU
		{8CEC68F2-1374-5112-91EB-F9C936D938AB}.Release|Any CPU.ActiveCfg = Release|Any CPU
		{8CEC68F2-1374-5112-91EB-F9C936D938AB}.Release|Any CPU.Build.0 = Release|Any CPU
		{CEACE47D-E641-4C5E-8139-2D3475CF617C}.Debug|Any CPU.ActiveCfg = Debug|Any CPU
		{CEACE47D-E641-4C5E-8139-2D3475CF617C}.Debug|Any CPU.Build.0 = Debug|Any CPU
		{CEACE47D-E641-4C5E-8139-2D3475CF617C}.Release|Any CPU.ActiveCfg = Release|Any CPU
		{CEACE47D-E641-4C5E-8139-2D3475CF617C}.Release|Any CPU.Build.0 = Release|Any CPU
		{99D41755-EE7B-4ECC-96C9-CA972A9853A8}.Debug|Any CPU.ActiveCfg = Debug|Any CPU
		{99D41755-EE7B-4ECC-96C9-CA972A9853A8}.Debug|Any CPU.Build.0 = Debug|Any CPU
		{99D41755-EE7B-4ECC-96C9-CA972A9853A8}.Release|Any CPU.ActiveCfg = Release|Any CPU
		{99D41755-EE7B-4ECC-96C9-CA972A9853A8}.Release|Any CPU.Build.0 = Release|Any CPU
		{6F269BD3-DCA5-44F4-9370-032FF120FBDF}.Debug|Any CPU.ActiveCfg = Debug|Any CPU
		{6F269BD3-DCA5-44F4-9370-032FF120FBDF}.Debug|Any CPU.Build.0 = Debug|Any CPU
		{6F269BD3-DCA5-44F4-9370-032FF120FBDF}.Release|Any CPU.ActiveCfg = Release|Any CPU
		{6F269BD3-DCA5-44F4-9370-032FF120FBDF}.Release|Any CPU.Build.0 = Release|Any CPU
		{02DFE355-921B-4E41-85D1-34FD0F64BA61}.Debug|Any CPU.ActiveCfg = Debug|Any CPU
		{02DFE355-921B-4E41-85D1-34FD0F64BA61}.Debug|Any CPU.Build.0 = Debug|Any CPU
		{02DFE355-921B-4E41-85D1-34FD0F64BA61}.Release|Any CPU.ActiveCfg = Release|Any CPU
		{02DFE355-921B-4E41-85D1-34FD0F64BA61}.Release|Any CPU.Build.0 = Release|Any CPU
		{D028AA91-C249-4398-9D4A-296BEDB8EA90}.Debug|Any CPU.ActiveCfg = Debug|Any CPU
		{D028AA91-C249-4398-9D4A-296BEDB8EA90}.Debug|Any CPU.Build.0 = Debug|Any CPU
		{D028AA91-C249-4398-9D4A-296BEDB8EA90}.Release|Any CPU.ActiveCfg = Release|Any CPU
		{D028AA91-C249-4398-9D4A-296BEDB8EA90}.Release|Any CPU.Build.0 = Release|Any CPU
		{EF78C678-62A4-499E-AB91-A09B9E27CF6B}.Debug|Any CPU.ActiveCfg = Debug|Any CPU
		{EF78C678-62A4-499E-AB91-A09B9E27CF6B}.Debug|Any CPU.Build.0 = Debug|Any CPU
		{EF78C678-62A4-499E-AB91-A09B9E27CF6B}.Release|Any CPU.ActiveCfg = Release|Any CPU
		{EF78C678-62A4-499E-AB91-A09B9E27CF6B}.Release|Any CPU.Build.0 = Release|Any CPU
	EndGlobalSection
	GlobalSection(SolutionProperties) = preSolution
		HideSolutionNode = FALSE
	EndGlobalSection
	GlobalSection(NestedProjects) = preSolution
		{632EF3FE-D393-9C0D-903D-3A9D1E2456BD} = {DAD03CFC-D5FA-AC94-41C7-9ABAB326F09E}
		{8CEC68F2-1374-5112-91EB-F9C936D938AB} = {632EF3FE-D393-9C0D-903D-3A9D1E2456BD}
		{CC410BA8-8678-4E29-946B-31D5DF7C9538} = {DAD03CFC-D5FA-AC94-41C7-9ABAB326F09E}
		{CEACE47D-E641-4C5E-8139-2D3475CF617C} = {CC410BA8-8678-4E29-946B-31D5DF7C9538}
		{E78958A0-34B9-4967-A24A-35265D104A5F} = {DAD03CFC-D5FA-AC94-41C7-9ABAB326F09E}
		{99D41755-EE7B-4ECC-96C9-CA972A9853A8} = {E78958A0-34B9-4967-A24A-35265D104A5F}
		{6F269BD3-DCA5-44F4-9370-032FF120FBDF} = {E78958A0-34B9-4967-A24A-35265D104A5F}
		{F1BCDD1C-1081-4D43-AFE6-91BB2A355A80} = {DAD03CFC-D5FA-AC94-41C7-9ABAB326F09E}
		{02DFE355-921B-4E41-85D1-34FD0F64BA61} = {F1BCDD1C-1081-4D43-AFE6-91BB2A355A80}
		{D028AA91-C249-4398-9D4A-296BEDB8EA90} = {F1BCDD1C-1081-4D43-AFE6-91BB2A355A80}
		{EF78C678-62A4-499E-AB91-A09B9E27CF6B} = {F1BCDD1C-1081-4D43-AFE6-91BB2A355A80}
	EndGlobalSection
	GlobalSection(ExtensibilityGlobals) = postSolution
		SolutionGuid = {05AB81C9-145F-4B41-BDEF-CF46817F2823}
	EndGlobalSection
EndGlobal
